
Microsoft Visual Studio Solution File, Format Version 12.00
# Visual Studio Version 16
VisualStudioVersion = 16.0.30011.22
MinimumVisualStudioVersion = 10.0.40219.1
Project("{9A19103F-16F7-4668-BE54-9A1E7A4F7556}") = "Blazing.Twilio.Video", "Blazing.Twilio.Video\Blazing.Twilio.Video.csproj", "{30FD4081-4652-4159-80E1-6EE5E82927CA}"
EndProject
Project("{9A19103F-16F7-4668-BE54-9A1E7A4F7556}") = "Blazing.Twilio.VideoJSInterop", "Blazing.Twilio.VideoJSInterop\Blazing.Twilio.VideoJSInterop.csproj", "{17D008D5-5786-462E-9929-7C3E45943A04}"
EndProject
Global
	GlobalSection(SolutionConfigurationPlatforms) = preSolution
		Debug|Any CPU = Debug|Any CPU
		Release|Any CPU = Release|Any CPU
	EndGlobalSection
	GlobalSection(ProjectConfigurationPlatforms) = postSolution
		{30FD4081-4652-4159-80E1-6EE5E82927CA}.Debug|Any CPU.ActiveCfg = Debug|Any CPU
		{30FD4081-4652-4159-80E1-6EE5E82927CA}.Debug|Any CPU.Build.0 = Debug|Any CPU
		{30FD4081-4652-4159-80E1-6EE5E82927CA}.Release|Any CPU.ActiveCfg = Release|Any CPU
		{30FD4081-4652-4159-80E1-6EE5E82927CA}.Release|Any CPU.Build.0 = Release|Any CPU
		{17D008D5-5786-462E-9929-7C3E45943A04}.Debug|Any CPU.ActiveCfg = Debug|Any CPU
		{17D008D5-5786-462E-9929-7C3E45943A04}.Debug|Any CPU.Build.0 = Debug|Any CPU
		{17D008D5-5786-462E-9929-7C3E45943A04}.Release|Any CPU.ActiveCfg = Release|Any CPU
		{17D008D5-5786-462E-9929-7C3E45943A04}.Release|Any CPU.Build.0 = Release|Any CPU
	EndGlobalSection
	GlobalSection(SolutionProperties) = preSolution
		HideSolutionNode = FALSE
	EndGlobalSection
	GlobalSection(ExtensibilityGlobals) = postSolution
		SolutionGuid = {B7A6FA67-DE66-4F11-A972-AC4CA3E1BC92}
	EndGlobalSection
EndGlobal
