
Microsoft Visual Studio Solution File, Format Version 12.00
# Visual Studio Version 16
VisualStudioVersion = 16.0.30011.22
MinimumVisualStudioVersion = 10.0.40219.1
Project("{9A19103F-16F7-4668-BE54-9A1E7A4F7556}") = "Blazing.Twilio.WasmVideo.Server", "Blazing.Twilio.WasmVideo\Server\Blazing.Twilio.WasmVideo.Server.csproj", "{290FA210-E7E8-4BAA-A1C7-5AE2A72A8387}"
EndProject
Project("{9A19103F-16F7-4668-BE54-9A1E7A4F7556}") = "Blazing.Twilio.WasmVideo.Client", "Blazing.Twilio.WasmVideo\Client\Blazing.Twilio.WasmVideo.Client.csproj", "{64A59EC6-A8EB-4CA5-8A1A-5D977F0EF3F5}"
EndProject
Project("{9A19103F-16F7-4668-BE54-9A1E7A4F7556}") = "Blazing.Twilio.WasmVideo.Shared", "Blazing.Twilio.WasmVideo\Shared\Blazing.Twilio.WasmVideo.Shared.csproj", "{CC370A73-7D66-4751-B25D-95DAC3667727}"
EndProject
Project("{2150E333-8FDC-42A3-9474-1A3956D46DE8}") = "Solution Items", "Solution Items", "{1F7634AC-C7C1-4612-B38B-12F7DA603532}"
	ProjectSection(SolutionItems) = preProject
		images\app-start.png = images\app-start.png
		images\camera-selected.png = images\camera-selected.png
		images\participant.png = images\participant.png
		images\party-0.png = images\party-0.png
		images\party.png = images\party.png
		README.md = README.md
		images\room-created.png = images\room-created.png
	EndProjectSection
EndProject
Global
	GlobalSection(SolutionConfigurationPlatforms) = preSolution
		Debug|Any CPU = Debug|Any CPU
		Release|Any CPU = Release|Any CPU
	EndGlobalSection
	GlobalSection(ProjectConfigurationPlatforms) = postSolution
		{290FA210-E7E8-4BAA-A1C7-5AE2A72A8387}.Debug|Any CPU.ActiveCfg = Debug|Any CPU
		{290FA210-E7E8-4BAA-A1C7-5AE2A72A8387}.Debug|Any CPU.Build.0 = Debug|Any CPU
		{290FA210-E7E8-4BAA-A1C7-5AE2A72A8387}.Release|Any CPU.ActiveCfg = Release|Any CPU
		{290FA210-E7E8-4BAA-A1C7-5AE2A72A8387}.Release|Any CPU.Build.0 = Release|Any CPU
		{64A59EC6-A8EB-4CA5-8A1A-5D977F0EF3F5}.Debug|Any CPU.ActiveCfg = Debug|Any CPU
		{64A59EC6-A8EB-4CA5-8A1A-5D977F0EF3F5}.Debug|Any CPU.Build.0 = Debug|Any CPU
		{64A59EC6-A8EB-4CA5-8A1A-5D977F0EF3F5}.Release|Any CPU.ActiveCfg = Release|Any CPU
		{64A59EC6-A8EB-4CA5-8A1A-5D977F0EF3F5}.Release|Any CPU.Build.0 = Release|Any CPU
		{CC370A73-7D66-4751-B25D-95DAC3667727}.Debug|Any CPU.ActiveCfg = Debug|Any CPU
		{CC370A73-7D66-4751-B25D-95DAC3667727}.Debug|Any CPU.Build.0 = Debug|Any CPU
		{CC370A73-7D66-4751-B25D-95DAC3667727}.Release|Any CPU.ActiveCfg = Release|Any CPU
		{CC370A73-7D66-4751-B25D-95DAC3667727}.Release|Any CPU.Build.0 = Release|Any CPU
	EndGlobalSection
	GlobalSection(SolutionProperties) = preSolution
		HideSolutionNode = FALSE
	EndGlobalSection
	GlobalSection(ExtensibilityGlobals) = postSolution
		SolutionGuid = {B7A6FA67-DE66-4F11-A972-AC4CA3E1BC92}
	EndGlobalSection
EndGlobal
